
Microsoft Visual Studio Solution File, Format Version 12.00
# Visual Studio 15
VisualStudioVersion = 15.0.28307.757
MinimumVisualStudioVersion = 10.0.40219.1
Project("{9A19103F-16F7-4668-BE54-9A1E7A4F7556}") = "HelloWorld.App", "HelloWorld.App\HelloWorld.App.csproj", "{93AA1A1D-4B0A-4CD6-8B95-1D63EEFF637E}"
EndProject
Project("{9A19103F-16F7-4668-BE54-9A1E7A4F7556}") = "HelloWorld.Core", "HelloWorld.Core\HelloWorld.Core.csproj", "{F36C7350-6517-4F2F-9483-582D08F0319A}"
EndProject
Project("{9A19103F-16F7-4668-BE54-9A1E7A4F7556}") = "HelloWorld.Common", "HelloWorld.Common\HelloWorld.Common.csproj", "{E394EA61-44C8-40E0-A36C-7D51AB3C8C76}"
EndProject
Project("{9A19103F-16F7-4668-BE54-9A1E7A4F7556}") = "HelloWorld.Tests", "HelloWorld.Tests\HelloWorld.Tests.csproj", "{0B47D808-043A-4457-8F08-8AC5EB17F5CF}"
EndProject
Project("{FAE04EC0-301F-11D3-BF4B-00C04F79EFBC}") = "HelloWorld.Core.Console", "HelloWorld.Core.Console\HelloWorld.Core.Console.csproj", "{B06D1636-BBDB-430E-9CF1-36EDB4A1C996}"
EndProject
Global
	GlobalSection(SolutionConfigurationPlatforms) = preSolution
		Debug|Any CPU = Debug|Any CPU
		Release|Any CPU = Release|Any CPU
	EndGlobalSection
	GlobalSection(ProjectConfigurationPlatforms) = postSolution
		{93AA1A1D-4B0A-4CD6-8B95-1D63EEFF637E}.Debug|Any CPU.ActiveCfg = Debug|Any CPU
		{93AA1A1D-4B0A-4CD6-8B95-1D63EEFF637E}.Debug|Any CPU.Build.0 = Debug|Any CPU
		{93AA1A1D-4B0A-4CD6-8B95-1D63EEFF637E}.Release|Any CPU.ActiveCfg = Release|Any CPU
		{93AA1A1D-4B0A-4CD6-8B95-1D63EEFF637E}.Release|Any CPU.Build.0 = Release|Any CPU
		{F36C7350-6517-4F2F-9483-582D08F0319A}.Debug|Any CPU.ActiveCfg = Debug|Any CPU
		{F36C7350-6517-4F2F-9483-582D08F0319A}.Debug|Any CPU.Build.0 = Debug|Any CPU
		{F36C7350-6517-4F2F-9483-582D08F0319A}.Release|Any CPU.ActiveCfg = Release|Any CPU
		{F36C7350-6517-4F2F-9483-582D08F0319A}.Release|Any CPU.Build.0 = Release|Any CPU
		{E394EA61-44C8-40E0-A36C-7D51AB3C8C76}.Debug|Any CPU.ActiveCfg = Debug|Any CPU
		{E394EA61-44C8-40E0-A36C-7D51AB3C8C76}.Debug|Any CPU.Build.0 = Debug|Any CPU
		{E394EA61-44C8-40E0-A36C-7D51AB3C8C76}.Release|Any CPU.ActiveCfg = Release|Any CPU
		{E394EA61-44C8-40E0-A36C-7D51AB3C8C76}.Release|Any CPU.Build.0 = Release|Any CPU
		{0B47D808-043A-4457-8F08-8AC5EB17F5CF}.Debug|Any CPU.ActiveCfg = Debug|Any CPU
		{0B47D808-043A-4457-8F08-8AC5EB17F5CF}.Debug|Any CPU.Build.0 = Debug|Any CPU
		{0B47D808-043A-4457-8F08-8AC5EB17F5CF}.Release|Any CPU.ActiveCfg = Release|Any CPU
		{0B47D808-043A-4457-8F08-8AC5EB17F5CF}.Release|Any CPU.Build.0 = Release|Any CPU
		{B06D1636-BBDB-430E-9CF1-36EDB4A1C996}.Debug|Any CPU.ActiveCfg = Debug|Any CPU
		{B06D1636-BBDB-430E-9CF1-36EDB4A1C996}.Debug|Any CPU.Build.0 = Debug|Any CPU
		{B06D1636-BBDB-430E-9CF1-36EDB4A1C996}.Release|Any CPU.ActiveCfg = Release|Any CPU
		{B06D1636-BBDB-430E-9CF1-36EDB4A1C996}.Release|Any CPU.Build.0 = Release|Any CPU
	EndGlobalSection
	GlobalSection(SolutionProperties) = preSolution
		HideSolutionNode = FALSE
	EndGlobalSection
	GlobalSection(ExtensibilityGlobals) = postSolution
		SolutionGuid = {F924C564-CA14-4CFE-83DD-F82CAAF458B5}
	EndGlobalSection
EndGlobal
